
Microsoft Visual Studio Solution File, Format Version 12.00
# Visual Studio Version 17
VisualStudioVersion = 17.0.31903.59
MinimumVisualStudioVersion = 10.0.40219.1
Project("{2150E333-8FDC-42A3-9474-1A3956D46DE8}") = "src", "src", "{6CB701C9-D73C-4A84-BB82-C19E98EBD612}"
EndProject
Project("{FAE04EC0-301F-11D3-BF4B-00C04F79EFBC}") = "Cli", "src\Cli\Cli.csproj", "{0DFAB6BF-3042-41B5-89C6-90FFA469FA30}"
EndProject
Global
	GlobalSection(SolutionConfigurationPlatforms) = preSolution
		Debug|Any CPU = Debug|Any CPU
		Release|Any CPU = Release|Any CPU
	EndGlobalSection
	GlobalSection(SolutionProperties) = preSolution
		HideSolutionNode = FALSE
	EndGlobalSection
	GlobalSection(ProjectConfigurationPlatforms) = postSolution
		{0DFAB6BF-3042-41B5-89C6-90FFA469FA30}.Debug|Any CPU.ActiveCfg = Debug|Any CPU
		{0DFAB6BF-3042-41B5-89C6-90FFA469FA30}.Debug|Any CPU.Build.0 = Debug|Any CPU
		{0DFAB6BF-3042-41B5-89C6-90FFA469FA30}.Release|Any CPU.ActiveCfg = Release|Any CPU
		{0DFAB6BF-3042-41B5-89C6-90FFA469FA30}.Release|Any CPU.Build.0 = Release|Any CPU
	EndGlobalSection
	GlobalSection(NestedProjects) = preSolution
		{0DFAB6BF-3042-41B5-89C6-90FFA469FA30} = {6CB701C9-D73C-4A84-BB82-C19E98EBD612}
	EndGlobalSection
EndGlobal
